
Microsoft Visual Studio Solution File, Format Version 12.00
# Visual Studio Version 16
VisualStudioVersion = 16.0.30717.126
MinimumVisualStudioVersion = 10.0.40219.1
Project("{FAE04EC0-301F-11D3-BF4B-00C04F79EFBC}") = "FFKeycardDemote", "ClassLibrary1\FFKeycardDemote.csproj", "{79EE44FB-EA45-4DF7-AC37-5031D6FF23EC}"
EndProject
Global
	GlobalSection(SolutionConfigurationPlatforms) = preSolution
		Debug|Any CPU = Debug|Any CPU
		Release|Any CPU = Release|Any CPU
	EndGlobalSection
	GlobalSection(ProjectConfigurationPlatforms) = postSolution
		{79EE44FB-EA45-4DF7-AC37-5031D6FF23EC}.Debug|Any CPU.ActiveCfg = Debug|Any CPU
		{79EE44FB-EA45-4DF7-AC37-5031D6FF23EC}.Debug|Any CPU.Build.0 = Debug|Any CPU
		{79EE44FB-EA45-4DF7-AC37-5031D6FF23EC}.Release|Any CPU.ActiveCfg = Release|Any CPU
		{79EE44FB-EA45-4DF7-AC37-5031D6FF23EC}.Release|Any CPU.Build.0 = Release|Any CPU
	EndGlobalSection
	GlobalSection(SolutionProperties) = preSolution
		HideSolutionNode = FALSE
	EndGlobalSection
	GlobalSection(ExtensibilityGlobals) = postSolution
		SolutionGuid = {14D0D23E-7421-4D7D-8943-6D4D6E51A5E1}
	EndGlobalSection
EndGlobal
